
Microsoft Visual Studio Solution File, Format Version 12.00
# Visual Studio 15
Project("{FAE04EC0-301F-11D3-BF4B-00C04F79EFBC}") = "NavegacaoTransparenteExemplo.Android", "NavegacaoTransparenteExemplo.Android\NavegacaoTransparenteExemplo.Android.csproj", "{FAAC88D1-B149-4CBC-9F97-DDFD4E45427B}"
EndProject
Project("{FAE04EC0-301F-11D3-BF4B-00C04F79EFBC}") = "NavegacaoTransparenteExemplo.iOS", "NavegacaoTransparenteExemplo.iOS\NavegacaoTransparenteExemplo.iOS.csproj", "{199F7C30-2950-41C0-ADE1-968BCA894897}"
EndProject
Project("{FAE04EC0-301F-11D3-BF4B-00C04F79EFBC}") = "NavegacaoTransparenteExemplo", "NavegacaoTransparenteExemplo\NavegacaoTransparenteExemplo.csproj", "{13E45B70-274A-4BF3-808A-3C8E7BBE81C0}"
EndProject
Global
	GlobalSection(SolutionConfigurationPlatforms) = preSolution
		Debug|Any CPU = Debug|Any CPU
		Release|Any CPU = Release|Any CPU
		Debug|iPhoneSimulator = Debug|iPhoneSimulator
		Release|iPhoneSimulator = Release|iPhoneSimulator
		Debug|iPhone = Debug|iPhone
		Release|iPhone = Release|iPhone
	EndGlobalSection
	GlobalSection(ProjectConfigurationPlatforms) = postSolution
		{FAAC88D1-B149-4CBC-9F97-DDFD4E45427B}.Debug|Any CPU.ActiveCfg = Debug|Any CPU
		{FAAC88D1-B149-4CBC-9F97-DDFD4E45427B}.Debug|Any CPU.Build.0 = Debug|Any CPU
		{FAAC88D1-B149-4CBC-9F97-DDFD4E45427B}.Release|Any CPU.ActiveCfg = Release|Any CPU
		{FAAC88D1-B149-4CBC-9F97-DDFD4E45427B}.Release|Any CPU.Build.0 = Release|Any CPU
		{FAAC88D1-B149-4CBC-9F97-DDFD4E45427B}.Debug|iPhoneSimulator.ActiveCfg = Debug|Any CPU
		{FAAC88D1-B149-4CBC-9F97-DDFD4E45427B}.Debug|iPhoneSimulator.Build.0 = Debug|Any CPU
		{FAAC88D1-B149-4CBC-9F97-DDFD4E45427B}.Release|iPhoneSimulator.ActiveCfg = Release|Any CPU
		{FAAC88D1-B149-4CBC-9F97-DDFD4E45427B}.Release|iPhoneSimulator.Build.0 = Release|Any CPU
		{FAAC88D1-B149-4CBC-9F97-DDFD4E45427B}.Debug|iPhone.ActiveCfg = Debug|Any CPU
		{FAAC88D1-B149-4CBC-9F97-DDFD4E45427B}.Debug|iPhone.Build.0 = Debug|Any CPU
		{FAAC88D1-B149-4CBC-9F97-DDFD4E45427B}.Release|iPhone.ActiveCfg = Release|Any CPU
		{FAAC88D1-B149-4CBC-9F97-DDFD4E45427B}.Release|iPhone.Build.0 = Release|Any CPU
		{199F7C30-2950-41C0-ADE1-968BCA894897}.Debug|Any CPU.ActiveCfg = Debug|iPhoneSimulator
		{199F7C30-2950-41C0-ADE1-968BCA894897}.Debug|Any CPU.Build.0 = Debug|iPhoneSimulator
		{199F7C30-2950-41C0-ADE1-968BCA894897}.Release|Any CPU.ActiveCfg = Release|iPhoneSimulator
		{199F7C30-2950-41C0-ADE1-968BCA894897}.Release|Any CPU.Build.0 = Release|iPhoneSimulator
		{199F7C30-2950-41C0-ADE1-968BCA894897}.Debug|iPhoneSimulator.ActiveCfg = Debug|iPhoneSimulator
		{199F7C30-2950-41C0-ADE1-968BCA894897}.Debug|iPhoneSimulator.Build.0 = Debug|iPhoneSimulator
		{199F7C30-2950-41C0-ADE1-968BCA894897}.Release|iPhoneSimulator.ActiveCfg = Release|iPhoneSimulator
		{199F7C30-2950-41C0-ADE1-968BCA894897}.Release|iPhoneSimulator.Build.0 = Release|iPhoneSimulator
		{199F7C30-2950-41C0-ADE1-968BCA894897}.Debug|iPhone.ActiveCfg = Debug|iPhone
		{199F7C30-2950-41C0-ADE1-968BCA894897}.Debug|iPhone.Build.0 = Debug|iPhone
		{199F7C30-2950-41C0-ADE1-968BCA894897}.Release|iPhone.ActiveCfg = Release|iPhone
		{199F7C30-2950-41C0-ADE1-968BCA894897}.Release|iPhone.Build.0 = Release|iPhone
		{13E45B70-274A-4BF3-808A-3C8E7BBE81C0}.Debug|Any CPU.ActiveCfg = Debug|Any CPU
		{13E45B70-274A-4BF3-808A-3C8E7BBE81C0}.Debug|Any CPU.Build.0 = Debug|Any CPU
		{13E45B70-274A-4BF3-808A-3C8E7BBE81C0}.Release|Any CPU.ActiveCfg = Release|Any CPU
		{13E45B70-274A-4BF3-808A-3C8E7BBE81C0}.Release|Any CPU.Build.0 = Release|Any CPU
		{13E45B70-274A-4BF3-808A-3C8E7BBE81C0}.Debug|iPhoneSimulator.ActiveCfg = Debug|Any CPU
		{13E45B70-274A-4BF3-808A-3C8E7BBE81C0}.Debug|iPhoneSimulator.Build.0 = Debug|Any CPU
		{13E45B70-274A-4BF3-808A-3C8E7BBE81C0}.Release|iPhoneSimulator.ActiveCfg = Release|Any CPU
		{13E45B70-274A-4BF3-808A-3C8E7BBE81C0}.Release|iPhoneSimulator.Build.0 = Release|Any CPU
		{13E45B70-274A-4BF3-808A-3C8E7BBE81C0}.Debug|iPhone.ActiveCfg = Debug|Any CPU
		{13E45B70-274A-4BF3-808A-3C8E7BBE81C0}.Debug|iPhone.Build.0 = Debug|Any CPU
		{13E45B70-274A-4BF3-808A-3C8E7BBE81C0}.Release|iPhone.ActiveCfg = Release|Any CPU
		{13E45B70-274A-4BF3-808A-3C8E7BBE81C0}.Release|iPhone.Build.0 = Release|Any CPU
	EndGlobalSection
EndGlobal
